
Microsoft Visual Studio Solution File, Format Version 10.00
# Visual Studio 2008
Project("{8BC9CEB8-8B4A-11D0-8D11-00A0C91BC942}") = "HemiSphereSampleDisplay", "HemiSphereSampleDisplay.vcproj", "{9F4A332A-1DDE-46C1-9E58-844D764C6DC2}"
EndProject
Global
	GlobalSection(SolutionConfigurationPlatforms) = preSolution
		Debug|Win32 = Debug|Win32
		Release|Win32 = Release|Win32
	EndGlobalSection
	GlobalSection(ProjectConfigurationPlatforms) = postSolution
		{9F4A332A-1DDE-46C1-9E58-844D764C6DC2}.Debug|Win32.ActiveCfg = Debug|Win32
		{9F4A332A-1DDE-46C1-9E58-844D764C6DC2}.Debug|Win32.Build.0 = Debug|Win32
		{9F4A332A-1DDE-46C1-9E58-844D764C6DC2}.Release|Win32.ActiveCfg = Release|Win32
		{9F4A332A-1DDE-46C1-9E58-844D764C6DC2}.Release|Win32.Build.0 = Release|Win32
	EndGlobalSection
	GlobalSection(SolutionProperties) = preSolution
		HideSolutionNode = FALSE
	EndGlobalSection
EndGlobal
